# This file is automatically @generated by Cargo.
# It is not intended for manual editing.
[[package]]
name = "base64"
version = "0.12.0"
source = "registry+https://github.com/rust-lang/crates.io-index"
checksum = "7d5ca2cd0adc3f48f9e9ea5a6bbdf9ccc0bfade884847e484d452414c7ccffb3"

[[package]]
name = "lazy_static"
version = "1.4.0"
source = "registry+https://github.com/rust-lang/crates.io-index"
checksum = "e2abad23fbc42b3700f2f279844dc832adb2b2eb069b2df918f455c4e18cc646"

[[package]]
name = "libc"
version = "0.2.68"
source = "registry+https://github.com/rust-lang/crates.io-index"
checksum = "dea0c0405123bba743ee3f91f49b1c7cfb684eef0da0a50110f758ccf24cdff0"

[[package]]
name = "mxnet-sys"
version = "0.1.0"
source = "git+https://github.com/jakelee8/mxnet-sys#9e6d6661a36c551fffa51e5cfd51dd2bd16a326c"
dependencies = [
 "libc",
]

[[package]]
name = "testing-mxnet"
version = "0.1.0"
dependencies = [
 "base64",
 "lazy_static",
 "mxnet-sys",
]
